PODS:
  - AFNetworking (3.1.0):
    - AFNetworking/NSURLSession (= 3.1.0)
    - AFNetworking/Reachability (= 3.1.0)
    - AFNetworking/Security (= 3.1.0)
    - AFNetworking/Serialization (= 3.1.0)
    - AFNetworking/UIKit (= 3.1.0)
  - AFNetworking/NSURLSession (3.1.0):
    - AFNetworking/Reachability
    - AFNetworking/Security
    - AFNetworking/Serialization
  - AFNetworking/Reachability (3.1.0)
  - AFNetworking/Security (3.1.0)
  - AFNetworking/Serialization (3.1.0)
  - AFNetworking/UIKit (3.1.0):
    - AFNetworking/NSURLSession
  - AVOSCloud (11.0.0)
  - Bugly (2.5.0)
  - FMDB (2.7.5):
    - FMDB/standard (= 2.7.5)
  - FMDB/standard (2.7.5)
  - Google-Mobile-Ads-SDK (7.38.0)
  - JCore (1.2.6)
  - JPush (3.0.9):
    - JCore (~> 1.2.0)
  - MBProgressHUD (1.0.0)
  - MJRefresh (3.1.15.7)
  - SDAutoLayout (2.2.1)
  - SDCycleScrollView (1.75):
    - SDWebImage (>= 4.0.0)
  - SDWebImage (4.0.0):
    - SDWebImage/Core (= 4.0.0)
  - SDWebImage/Core (4.0.0)
  - UMCAnalytics (6.0.1):
    - UMCCommon
  - UMCCommon (2.0.0)
  - UMCSecurityPlugins (1.0.6)
  - UMCShare/Core (6.9.5):
    - UMCCommon
  - UMCShare/Social/QQ (6.9.5):
    - UMCCommon
    - UMCShare/Core
    - UMCShare/Social/ReducedQQ
  - UMCShare/Social/ReducedQQ (6.9.5):
    - UMCCommon
    - UMCShare/Core
  - UMCShare/Social/ReducedWeChat (6.9.5):
    - UMCCommon
    - UMCShare/Core
  - UMCShare/Social/WeChat (6.9.5):
    - UMCCommon
    - UMCShare/Core
    - UMCShare/Social/ReducedWeChat
  - UMCShare/UI (6.9.5):
    - UMCCommon
    - UMCShare/Core
  - YTKNetwork (2.0.4):
    - AFNetworking (~> 3.0)

DEPENDENCIES:
  - AFNetworking (~> 3.1.0)
  - AVOSCloud (~> 11.0.0)
  - Bugly (~> 2.5.0)
  - FMDB (~> 2.7.2)
  - Google-Mobile-Ads-SDK (~> 7.38.0)
  - JPush (~> 3.0.6)
  - MBProgressHUD (~> 1.0.0)
  - MJRefresh (~> 3.1.14)
  - SDAutoLayout (~> 2.2.0)
  - SDCycleScrollView (~> 1.73)
  - SDWebImage (~> 4.0.0)
  - UMCAnalytics
  - UMCCommon
  - UMCSecurityPlugins
  - UMCShare/Social/QQ
  - UMCShare/Social/WeChat
  - UMCShare/UI
  - YTKNetwork (~> 2.0.4)

SPEC REPOS:
  https://github.com/cocoapods/specs.git:
    - AFNetworking
    - AVOSCloud
    - Bugly
    - FMDB
    - Google-Mobile-Ads-SDK
    - JCore
    - JPush
    - MBProgressHUD
    - MJRefresh
    - SDAutoLayout
    - SDCycleScrollView
    - SDWebImage
    - UMCAnalytics
    - UMCCommon
    - UMCSecurityPlugins
    - UMCShare
    - YTKNetwork

SPEC CHECKSUMS:
  AFNetworking: 5e0e199f73d8626b11e79750991f5d173d1f8b67
  AVOSCloud: 8ffa848f5f7391fc7594d3671a29cd6f8a14cc2a
  Bugly: 3ca9f255c01025582df26f9222893b383c7e4b4e
  FMDB: 2ce00b547f966261cd18927a3ddb07cb6f3db82a
  Google-Mobile-Ads-SDK: fec4a72b71a81302d3fd75454df3417c03c50ed5
  JCore: cae516dd2bf1a73b578ce6e1065abd49e709e0f7
  JPush: 48041e8c5ad2ef9b48709eb0888af9640b36e9b0
  MBProgressHUD: 4890f671c94e8a0f3cf959aa731e9de2f036d71a
  MJRefresh: 697f8ec75ebdbe9207767bb682cf0f51b0d8a41f
  SDAutoLayout: 8bf6b3bbc8b01f775d4defbb4fda2ace805461be
  SDCycleScrollView: 884b88f0266dd4708a0e1934975c69cb971707b1
  SDWebImage: 76a6348bdc74eb5a55dd08a091ef298e56b55e41
  UMCAnalytics: c267acd9bb4a87e5f01735c158b63a617908f92e
  UMCCommon: 79b5a614c958db367113eed5740109d9a98e1223
  UMCSecurityPlugins: 0831a08f3988f3cea9f1d3a7626cd9bee4fef150
  UMCShare: 552b29753f1b4da87b51d96545ed19e6263df397
  YTKNetwork: df8a7a5597bda1664a4efaa7ef871a818a887fe0

PODFILE CHECKSUM: 9b34732c74fbfc8a8d338fb103cd0d1cb9840869

COCOAPODS: 1.5.3
